# This manifest was generated by flux-operator. DO NOT EDIT.
apiVersion: agent.fluxcd.controlplane.io/v1
kind: Catalog
spec:
  sources:
  - repository: ghcr.io/fluxcd/agent-skills
    tag: main
    targetAgents:
    - claude-code
    verify:
      matchOIDCIdentity:
      - issuer: https://token.actions.githubusercontent.com
        subject: ^https://github\.com/fluxcd/.*$
      provider: cosign
status:
  inventory:
  - annotations:
      org.opencontainers.image.created: "2026-03-15T21:12:53+02:00"
      org.opencontainers.image.description: AI Agent Skills for Flux CD
      org.opencontainers.image.licenses: Apache-2.0
      org.opencontainers.image.revision: refs/heads/main@sha1:04143edbade8a8fc99861e7c06b517eec36dca97
      org.opencontainers.image.source: https://github.com/fluxcd/agent-skills
    digest: sha256:7f321ba907c0e99028430390b37aad66e6aaf8f6a96658e1aba5a06279049983
    id: 8e890a5d
    lastUpdateAt: "2026-03-16T14:56:32Z"
    skills:
    - checksum: h1:itYhuOHu8lPKSnPcJWyoIJTDysZfl8tt9yqdBMI4GAU=
      name: gitops-cluster-debug
    - checksum: h1:KnOIYq4lxMULuMfrgu3bp9HJ0ARdXf7Br+q8InX7jrw=
      name: gitops-knowledge
    - checksum: h1:bEvibdYYmUMib1uCtSGL/UboBqShqUopO802h+UlbZk=
      name: gitops-repo-audit
    url: ghcr.io/fluxcd/agent-skills:main
